// !$*UTF8*$!
{
	archiveVersion = 1;
	classes = {
	};
	objectVersion = 46;
	objects = {

/* Begin PBXBuildFile section */
		F9E2CC021DC15D880015D680 /* AppDelegate.swift in Sources */ = {isa = PBXBuildFile; fileRef = F9E2CC011DC15D880015D680 /* AppDelegate.swift */; };
		F9E2CC041DC15D880015D680 /* ViewController.swift in Sources */ = {isa = PBXBuildFile; fileRef = F9E2CC031DC15D880015D680 /* ViewController.swift */; };
		F9E2CC071DC15D880015D680 /* Main.storyboard in Resources */ = {isa = PBXBuildFile; fileRef = F9E2CC051DC15D880015D680 /* Main.storyboard */; };
		F9E2CC091DC15D880015D680 /* Assets.xcassets in Resources */ = {isa = PBXBuildFile; fileRef = F9E2CC081DC15D880015D680 /* Assets.xcassets */; };
		F9E2CC0C1DC15D880015D680 /* LaunchScreen.storyboard in Resources */ = {isa = PBXBuildFile; fileRef = F9E2CC0A1DC15D880015D680 /* LaunchScreen.storyboard */; };
		F9E2CC1A1DC15DAB0015D680 /* KeyboardViewController.swift in Sources */ = {isa = PBXBuildFile; fileRef = F9E2CC191DC15DAB0015D680 /* KeyboardViewController.swift */; };
		F9E2CC1E1DC15DAB0015D680 /* RandKey.appex in Embed App Extensions */ = {isa = PBXBuildFile; fileRef = F9E2CC171DC15DAB0015D680 /* RandKey.appex */; settings = {ATTRIBUTES = (RemoveHeadersOnCopy, ); }; };
		F9E2CC2A1DC15DDC0015D680 /* ArrayExtension.swift in Sources */ = {isa = PBXBuildFile; fileRef = F9E2CC231DC15DDC0015D680 /* ArrayExtension.swift */; };
		F9E2CC2B1DC15DDC0015D680 /* Assets.xcassets in Resources */ = {isa = PBXBuildFile; fileRef = F9E2CC241DC15DDC0015D680 /* Assets.xcassets */; };
		F9E2CC2C1DC15DDC0015D680 /* RKButton.swift in Sources */ = {isa = PBXBuildFile; fileRef = F9E2CC251DC15DDC0015D680 /* RKButton.swift */; };
		F9E2CC2D1DC15DDC0015D680 /* RKDataSource.swift in Sources */ = {isa = PBXBuildFile; fileRef = F9E2CC261DC15DDC0015D680 /* RKDataSource.swift */; };
		F9E2CC2E1DC15DDC0015D680 /* RKDefaultView.xib in Resources */ = {isa = PBXBuildFile; fileRef = F9E2CC271DC15DDC0015D680 /* RKDefaultView.xib */; };
		F9E2CC2F1DC15DDC0015D680 /* RKTextView.swift in Sources */ = {isa = PBXBuildFile; fileRef = F9E2CC281DC15DDC0015D680 /* RKTextView.swift */; };
		F9E2CC301DC15DDC0015D680 /* Texts.plist in Resources */ = {isa = PBXBuildFile; fileRef = F9E2CC291DC15DDC0015D680 /* Texts.plist */; };
/* End PBXBuildFile section */

/* Begin PBXContainerItemProxy section */
		F9E2CC1C1DC15DAB0015D680 /* PBXContainerItemProxy */ = {
			isa = PBXContainerItemProxy;
			containerPortal = F9E2CBF61DC15D880015D680 /* Project object */;
			proxyType = 1;
			remoteGlobalIDString = F9E2CC161DC15DAB0015D680;
			remoteInfo = RandKey;
		};
/* End PBXContainerItemProxy section */

/* Begin PBXCopyFilesBuildPhase section */
		F9E2CC221DC15DAB0015D680 /* Embed App Extensions */ = {
			isa = PBXCopyFilesBuildPhase;
			buildActionMask = 2147483647;
			dstPath = "";
			dstSubfolderSpec = 13;
			files = (
				F9E2CC1E1DC15DAB0015D680 /* RandKey.appex in Embed App Extensions */,
			);
			name = "Embed App Extensions";
			runOnlyForDeploymentPostprocessing = 0;
		};
/* End PBXCopyFilesBuildPhase section */

/* Begin PBXFileReference section */
		F9E2CBFE1DC15D880015D680 /* RandomKeyboard.app */ = {isa = PBXFileReference; explicitFileType = wrapper.application; includeInIndex = 0; path = RandomKeyboard.app; sourceTree = BUILT_PRODUCTS_DIR; };
		F9E2CC011DC15D880015D680 /* AppDelegate.swift */ = {isa = PBXFileReference; lastKnownFileType = sourcecode.swift; path = AppDelegate.swift; sourceTree = "<group>"; };
		F9E2CC031DC15D880015D680 /* ViewController.swift */ = {isa = PBXFileReference; lastKnownFileType = sourcecode.swift; path = ViewController.swift; sourceTree = "<group>"; };
		F9E2CC061DC15D880015D680 /* Base */ = {isa = PBXFileReference; lastKnownFileType = file.storyboard; name = Base; path = Base.lproj/Main.storyboard; sourceTree = "<group>"; };
		F9E2CC081DC15D880015D680 /* Assets.xcassets */ = {isa = PBXFileReference; lastKnownFileType = folder.assetcatalog; path = Assets.xcassets; sourceTree = "<group>"; };
		F9E2CC0B1DC15D880015D680 /* Base */ = {isa = PBXFileReference; lastKnownFileType = file.storyboard; name = Base; path = Base.lproj/LaunchScreen.storyboard; sourceTree = "<group>"; };
		F9E2CC0D1DC15D880015D680 /* Info.plist */ = {isa = PBXFileReference; lastKnownFileType = text.plist.xml; path = Info.plist; sourceTree = "<group>"; };
		F9E2CC171DC15DAB0015D680 /* RandKey.appex */ = {isa = PBXFileReference; explicitFileType = "wrapper.app-extension"; includeInIndex = 0; path = RandKey.appex; sourceTree = BUILT_PRODUCTS_DIR; };
		F9E2CC191DC15DAB0015D680 /* KeyboardViewController.swift */ = {isa = PBXFileReference; lastKnownFileType = sourcecode.swift; path = KeyboardViewController.swift; sourceTree = "<group>"; };
		F9E2CC1B1DC15DAB0015D680 /* Info.plist */ = {isa = PBXFileReference; lastKnownFileType = text.plist.xml; path = Info.plist; sourceTree = "<group>"; };
		F9E2CC231DC15DDC0015D680 /* ArrayExtension.swift */ = {isa = PBXFileReference; fileEncoding = 4; lastKnownFileType = sourcecode.swift; path = ArrayExtension.swift; sourceTree = "<group>"; };
		F9E2CC241DC15DDC0015D680 /* Assets.xcassets */ = {isa = PBXFileReference; lastKnownFileType = folder.assetcatalog; path = Assets.xcassets; sourceTree = "<group>"; };
		F9E2CC251DC15DDC0015D680 /* RKButton.swift */ = {isa = PBXFileReference; fileEncoding = 4; lastKnownFileType = sourcecode.swift; path = RKButton.swift; sourceTree = "<group>"; };
		F9E2CC261DC15DDC0015D680 /* RKDataSource.swift */ = {isa = PBXFileReference; fileEncoding = 4; lastKnownFileType = sourcecode.swift; path = RKDataSource.swift; sourceTree = "<group>"; };
		F9E2CC271DC15DDC0015D680 /* RKDefaultView.xib */ = {isa = PBXFileReference; fileEncoding = 4; lastKnownFileType = file.xib; path = RKDefaultView.xib; sourceTree = "<group>"; };
		F9E2CC281DC15DDC0015D680 /* RKTextView.swift */ = {isa = PBXFileReference; fileEncoding = 4; lastKnownFileType = sourcecode.swift; path = RKTextView.swift; sourceTree = "<group>"; };
		F9E2CC291DC15DDC0015D680 /* Texts.plist */ = {isa = PBXFileReference; fileEncoding = 4; lastKnownFileType = text.plist.xml; path = Texts.plist; sourceTree = "<group>"; };
/* End PBXFileReference section */

/* Begin PBXFrameworksBuildPhase section */
		F9E2CBFB1DC15D880015D680 /* Frameworks */ = {
			isa = PBXFrameworksBuildPhase;
			buildActionMask = 2147483647;
			files = (
			);
			runOnlyForDeploymentPostprocessing = 0;
		};
		F9E2CC141DC15DAB0015D680 /* Frameworks */ = {
			isa = PBXFrameworksBuildPhase;
			buildActionMask = 2147483647;
			files = (
			);
			runOnlyForDeploymentPostprocessing = 0;
		};
/* End PBXFrameworksBuildPhase section */

/* Begin PBXGroup section */
		F9E2CBF51DC15D880015D680 = {
			isa = PBXGroup;
			children = (
				F9E2CC001DC15D880015D680 /* RandomKeyboard */,
				F9E2CC181DC15DAB0015D680 /* RandKey */,
				F9E2CBFF1DC15D880015D680 /* Products */,
			);
			sourceTree = "<group>";
		};
		F9E2CBFF1DC15D880015D680 /* Products */ = {
			isa = PBXGroup;
			children = (
				F9E2CBFE1DC15D880015D680 /* RandomKeyboard.app */,
				F9E2CC171DC15DAB0015D680 /* RandKey.appex */,
			);
			name = Products;
			sourceTree = "<group>";
		};
		F9E2CC001DC15D880015D680 /* RandomKeyboard */ = {
			isa = PBXGroup;
			children = (
				F9E2CC361DC15E360015D680 /* ViewController */,
				F9E2CC011DC15D880015D680 /* AppDelegate.swift */,
				F9E2CC051DC15D880015D680 /* Main.storyboard */,
				F9E2CC0A1DC15D880015D680 /* LaunchScreen.storyboard */,
				F9E2CC351DC15E310015D680 /* Support */,
			);
			path = RandomKeyboard;
			sourceTree = "<group>";
		};
		F9E2CC181DC15DAB0015D680 /* RandKey */ = {
			isa = PBXGroup;
			children = (
				F9E2CC191DC15DAB0015D680 /* KeyboardViewController.swift */,
				F9E2CC341DC15E1C0015D680 /* DataSource */,
				F9E2CC331DC15E080015D680 /* Views */,
				F9E2CC311DC15DE20015D680 /* Extensions */,
				F9E2CC321DC15DEC0015D680 /* Support */,
			);
			path = RandKey;
			sourceTree = "<group>";
		};
		F9E2CC311DC15DE20015D680 /* Extensions */ = {
			isa = PBXGroup;
			children = (
				F9E2CC231DC15DDC0015D680 /* ArrayExtension.swift */,
			);
			name = Extensions;
			sourceTree = "<group>";
		};
		F9E2CC321DC15DEC0015D680 /* Support */ = {
			isa = PBXGroup;
			children = (
				F9E2CC241DC15DDC0015D680 /* Assets.xcassets */,
				F9E2CC1B1DC15DAB0015D680 /* Info.plist */,
			);
			name = Support;
			sourceTree = "<group>";
		};
		F9E2CC331DC15E080015D680 /* Views */ = {
			isa = PBXGroup;
			children = (
				F9E2CC251DC15DDC0015D680 /* RKButton.swift */,
				F9E2CC281DC15DDC0015D680 /* RKTextView.swift */,
				F9E2CC271DC15DDC0015D680 /* RKDefaultView.xib */,
			);
			name = Views;
			sourceTree = "<group>";
		};
		F9E2CC341DC15E1C0015D680 /* DataSource */ = {
			isa = PBXGroup;
			children = (
				F9E2CC261DC15DDC0015D680 /* RKDataSource.swift */,
				F9E2CC291DC15DDC0015D680 /* Texts.plist */,
			);
			name = DataSource;
			sourceTree = "<group>";
		};
		F9E2CC351DC15E310015D680 /* Support */ = {
			isa = PBXGroup;
			children = (
				F9E2CC0D1DC15D880015D680 /* Info.plist */,
				F9E2CC081DC15D880015D680 /* Assets.xcassets */,
			);
			name = Support;
			sourceTree = "<group>";
		};
		F9E2CC361DC15E360015D680 /* ViewController */ = {
			isa = PBXGroup;
			children = (
				F9E2CC031DC15D880015D680 /* ViewController.swift */,
			);
			name = ViewController;
			sourceTree = "<group>";
		};
/* End PBXGroup section */

/* Begin PBXNativeTarget section */
		F9E2CBFD1DC15D880015D680 /* RandomKeyboard */ = {
			isa = PBXNativeTarget;
			buildConfigurationList = F9E2CC101DC15D880015D680 /* Build configuration list for PBXNativeTarget "RandomKeyboard" */;
			buildPhases = (
				F9E2CBFA1DC15D880015D680 /* Sources */,
				F9E2CBFB1DC15D880015D680 /* Frameworks */,
				F9E2CBFC1DC15D880015D680 /* Resources */,
				F9E2CC221DC15DAB0015D680 /* Embed App Extensions */,
			);
			buildRules = (
			);
			dependencies = (
				F9E2CC1D1DC15DAB0015D680 /* PBXTargetDependency */,
			);
			name = RandomKeyboard;
			productName = RandomKeyboard;
			productReference = F9E2CBFE1DC15D880015D680 /* RandomKeyboard.app */;
			productType = "com.apple.product-type.application";
		};
		F9E2CC161DC15DAB0015D680 /* RandKey */ = {
			isa = PBXNativeTarget;
			buildConfigurationList = F9E2CC1F1DC15DAB0015D680 /* Build configuration list for PBXNativeTarget "RandKey" */;
			buildPhases = (
				F9E2CC131DC15DAB0015D680 /* Sources */,
				F9E2CC141DC15DAB0015D680 /* Frameworks */,
				F9E2CC151DC15DAB0015D680 /* Resources */,
			);
			buildRules = (
			);
			dependencies = (
			);
			name = RandKey;
			productName = RandKey;
			productReference = F9E2CC171DC15DAB0015D680 /* RandKey.appex */;
			productType = "com.apple.product-type.app-extension";
		};
/* End PBXNativeTarget section */

/* Begin PBXProject section */
		F9E2CBF61DC15D880015D680 /* Project object */ = {
			isa = PBXProject;
			attributes = {
				LastSwiftUpdateCheck = 0800;
				LastUpgradeCheck = 0800;
				ORGANIZATIONNAME = "Dominik Majda";
				TargetAttributes = {
					F9E2CBFD1DC15D880015D680 = {
						CreatedOnToolsVersion = 8.0;
						DevelopmentTeam = 4CA4554E6F;
						ProvisioningStyle = Automatic;
					};
					F9E2CC161DC15DAB0015D680 = {
						CreatedOnToolsVersion = 8.0;
						DevelopmentTeam = 4CA4554E6F;
						ProvisioningStyle = Automatic;
					};
				};
			};
			buildConfigurationList = F9E2CBF91DC15D880015D680 /* Build configuration list for PBXProject "RandomKeyboard" */;
			compatibilityVersion = "Xcode 3.2";
			developmentRegion = English;
			hasScannedForEncodings = 0;
			knownRegions = (
				en,
				Base,
			);
			mainGroup = F9E2CBF51DC15D880015D680;
			productRefGroup = F9E2CBFF1DC15D880015D680 /* Products */;
			projectDirPath = "";
			projectRoot = "";
			targets = (
				F9E2CBFD1DC15D880015D680 /* RandomKeyboard */,
				F9E2CC161DC15DAB0015D680 /* RandKey */,
			);
		};
/* End PBXProject section */

/* Begin PBXResourcesBuildPhase section */
		F9E2CBFC1DC15D880015D680 /* Resources */ = {
			isa = PBXResourcesBuildPhase;
			buildActionMask = 2147483647;
			files = (
				F9E2CC0C1DC15D880015D680 /* LaunchScreen.storyboard in Resources */,
				F9E2CC091DC15D880015D680 /* Assets.xcassets in Resources */,
				F9E2CC071DC15D880015D680 /* Main.storyboard in Resources */,
			);
			runOnlyForDeploymentPostprocessing = 0;
		};
		F9E2CC151DC15DAB0015D680 /* Resources */ = {
			isa = PBXResourcesBuildPhase;
			buildActionMask = 2147483647;
			files = (
				F9E2CC301DC15DDC0015D680 /* Texts.plist in Resources */,
				F9E2CC2B1DC15DDC0015D680 /* Assets.xcassets in Resources */,
				F9E2CC2E1DC15DDC0015D680 /* RKDefaultView.xib in Resources */,
			);
			runOnlyForDeploymentPostprocessing = 0;
		};
/* End PBXResourcesBuildPhase section */

/* Begin PBXSourcesBuildPhase section */
		F9E2CBFA1DC15D880015D680 /* Sources */ = {
			isa = PBXSourcesBuildPhase;
			buildActionMask = 2147483647;
			files = (
				F9E2CC041DC15D880015D680 /* ViewController.swift in Sources */,
				F9E2CC021DC15D880015D680 /* AppDelegate.swift in Sources */,
			);
			runOnlyForDeploymentPostprocessing = 0;
		};
		F9E2CC131DC15DAB0015D680 /* Sources */ = {
			isa = PBXSourcesBuildPhase;
			buildActionMask = 2147483647;
			files = (
				F9E2CC1A1DC15DAB0015D680 /* KeyboardViewController.swift in Sources */,
				F9E2CC2D1DC15DDC0015D680 /* RKDataSource.swift in Sources */,
				F9E2CC2C1DC15DDC0015D680 /* RKButton.swift in Sources */,
				F9E2CC2A1DC15DDC0015D680 /* ArrayExtension.swift in Sources */,
				F9E2CC2F1DC15DDC0015D680 /* RKTextView.swift in Sources */,
			);
			runOnlyForDeploymentPostprocessing = 0;
		};
/* End PBXSourcesBuildPhase section */

/* Begin PBXTargetDependency section */
		F9E2CC1D1DC15DAB0015D680 /* PBXTargetDependency */ = {
			isa = PBXTargetDependency;
			target = F9E2CC161DC15DAB0015D680 /* RandKey */;
			targetProxy = F9E2CC1C1DC15DAB0015D680 /* PBXContainerItemProxy */;
		};
/* End PBXTargetDependency section */

/* Begin PBXVariantGroup section */
		F9E2CC051DC15D880015D680 /* Main.storyboard */ = {
			isa = PBXVariantGroup;
			children = (
				F9E2CC061DC15D880015D680 /* Base */,
			);
			name = Main.storyboard;
			sourceTree = "<group>";
		};
		F9E2CC0A1DC15D880015D680 /* LaunchScreen.storyboard */ = {
			isa = PBXVariantGroup;
			children = (
				F9E2CC0B1DC15D880015D680 /* Base */,
			);
			name = LaunchScreen.storyboard;
			sourceTree = "<group>";
		};
/* End PBXVariantGroup section */

/* Begin XCBuildConfiguration section */
		F9E2CC0E1DC15D880015D680 /* Debug */ = {
			isa = XCBuildConfiguration;
			buildSettings = {
				ALWAYS_SEARCH_USER_PATHS = NO;
				CLANG_ANALYZER_NONNULL = YES;
				CLANG_CXX_LANGUAGE_STANDARD = "gnu++0x";
				CLANG_CXX_LIBRARY = "libc++";
				CLANG_ENABLE_MODULES = YES;
				CLANG_ENABLE_OBJC_ARC = YES;
				CLANG_WARN_BOOL_CONVERSION = YES;
				CLANG_WARN_CONSTANT_CONVERSION = YES;
				CLANG_WARN_DIRECT_OBJC_ISA_USAGE = YES_ERROR;
				CLANG_WARN_DOCUMENTATION_COMMENTS = YES;
				CLANG_WARN_EMPTY_BODY = YES;
				CLANG_WARN_ENUM_CONVERSION = YES;
				CLANG_WARN_INFINITE_RECURSION = YES;
				CLANG_WARN_INT_CONVERSION = YES;
				CLANG_WARN_OBJC_ROOT_CLASS = YES_ERROR;
				CLANG_WARN_SUSPICIOUS_MOVES = YES;
				CLANG_WARN_UNREACHABLE_CODE = YES;
				CLANG_WARN__DUPLICATE_METHOD_MATCH = YES;
				"CODE_SIGN_IDENTITY[sdk=iphoneos*]" = "iPhone Developer";
				COPY_PHASE_STRIP = NO;
				DEBUG_INFORMATION_FORMAT = dwarf;
				ENABLE_STRICT_OBJC_MSGSEND = YES;
				ENABLE_TESTABILITY = YES;
				GCC_C_LANGUAGE_STANDARD = gnu99;
				GCC_DYNAMIC_NO_PIC = NO;
				GCC_NO_COMMON_BLOCKS = YES;
				GCC_OPTIMIZATION_LEVEL = 0;
				GCC_PREPROCESSOR_DEFINITIONS = (
					"DEBUG=1",
					"$(inherited)",
				);
				GCC_WARN_64_TO_32_BIT_CONVERSION = YES;
				GCC_WARN_ABOUT_RETURN_TYPE = YES_ERROR;
				GCC_WARN_UNDECLARED_SELECTOR = YES;
				GCC_WARN_UNINITIALIZED_AUTOS = YES_AGGRESSIVE;
				GCC_WARN_UNUSED_FUNCTION = YES;
				GCC_WARN_UNUSED_VARIABLE = YES;
				IPHONEOS_DEPLOYMENT_TARGET = 10.0;
				MTL_ENABLE_DEBUG_INFO = YES;
				ONLY_ACTIVE_ARCH = YES;
				SDKROOT = iphoneos;
				SWIFT_ACTIVE_COMPILATION_CONDITIONS = DEBUG;
				SWIFT_OPTIMIZATION_LEVEL = "-Onone";
				TARGETED_DEVICE_FAMILY = "1,2";
			};
			name = Debug;
		};
		F9E2CC0F1DC15D880015D680 /* Release */ = {
			isa = XCBuildConfiguration;
			buildSettings = {
				ALWAYS_SEARCH_USER_PATHS = NO;
				CLANG_ANALYZER_NONNULL = YES;
				CLANG_CXX_LANGUAGE_STANDARD = "gnu++0x";
				CLANG_CXX_LIBRARY = "libc++";
				CLANG_ENABLE_MODULES = YES;
				CLANG_ENABLE_OBJC_ARC = YES;
				CLANG_WARN_BOOL_CONVERSION = YES;
				CLANG_WARN_CONSTANT_CONVERSION = YES;
				CLANG_WARN_DIRECT_OBJC_ISA_USAGE = YES_ERROR;
				CLANG_WARN_DOCUMENTATION_COMMENTS = YES;
				CLANG_WARN_EMPTY_BODY = YES;
				CLANG_WARN_ENUM_CONVERSION = YES;
				CLANG_WARN_INFINITE_RECURSION = YES;
				CLANG_WARN_INT_CONVERSION = YES;
				CLANG_WARN_OBJC_ROOT_CLASS = YES_ERROR;
				CLANG_WARN_SUSPICIOUS_MOVES = YES;
				CLANG_WARN_UNREACHABLE_CODE = YES;
				CLANG_WARN__DUPLICATE_METHOD_MATCH = YES;
				"CODE_SIGN_IDENTITY[sdk=iphoneos*]" = "iPhone Developer";
				COPY_PHASE_STRIP = NO;
				DEBUG_INFORMATION_FORMAT = "dwarf-with-dsym";
				ENABLE_NS_ASSERTIONS = NO;
				ENABLE_STRICT_OBJC_MSGSEND = YES;
				GCC_C_LANGUAGE_STANDARD = gnu99;
				GCC_NO_COMMON_BLOCKS = YES;
				GCC_WARN_64_TO_32_BIT_CONVERSION = YES;
				GCC_WARN_ABOUT_RETURN_TYPE = YES_ERROR;
				GCC_WARN_UNDECLARED_SELECTOR = YES;
				GCC_WARN_UNINITIALIZED_AUTOS = YES_AGGRESSIVE;
				GCC_WARN_UNUSED_FUNCTION = YES;
				GCC_WARN_UNUSED_VARIABLE = YES;
				IPHONEOS_DEPLOYMENT_TARGET = 10.0;
				MTL_ENABLE_DEBUG_INFO = NO;
				SDKROOT = iphoneos;
				SWIFT_OPTIMIZATION_LEVEL = "-Owholemodule";
				TARGETED_DEVICE_FAMILY = "1,2";
				VALIDATE_PRODUCT = YES;
			};
			name = Release;
		};
		F9E2CC111DC15D880015D680 /* Debug */ = {
			isa = XCBuildConfiguration;
			buildSettings = {
				ALWAYS_EMBED_SWIFT_STANDARD_LIBRARIES = YES;
				ASSETCATALOG_COMPILER_APPICON_NAME = AppIcon;
				DEVELOPMENT_TEAM = 4CA4554E6F;
				INFOPLIST_FILE = RandomKeyboard/Info.plist;
				LD_RUNPATH_SEARCH_PATHS = "$(inherited) @executable_path/Frameworks";
				PRODUCT_BUNDLE_IDENTIFIER = pl.majdumajdu.RandomKeyboard;
				PRODUCT_NAME = "$(TARGET_NAME)";
				SWIFT_VERSION = 3.0;
			};
			name = Debug;
		};
		F9E2CC121DC15D880015D680 /* Release */ = {
			isa = XCBuildConfiguration;
			buildSettings = {
				ALWAYS_EMBED_SWIFT_STANDARD_LIBRARIES = YES;
				ASSETCATALOG_COMPILER_APPICON_NAME = AppIcon;
				DEVELOPMENT_TEAM = 4CA4554E6F;
				INFOPLIST_FILE = RandomKeyboard/Info.plist;
				LD_RUNPATH_SEARCH_PATHS = "$(inherited) @executable_path/Frameworks";
				PRODUCT_BUNDLE_IDENTIFIER = pl.majdumajdu.RandomKeyboard;
				PRODUCT_NAME = "$(TARGET_NAME)";
				SWIFT_VERSION = 3.0;
			};
			name = Release;
		};
		F9E2CC201DC15DAB0015D680 /* Debug */ = {
			isa = XCBuildConfiguration;
			buildSettings = {
				DEVELOPMENT_TEAM = 4CA4554E6F;
				INFOPLIST_FILE = RandKey/Info.plist;
				LD_RUNPATH_SEARCH_PATHS = "$(inherited) @executable_path/Frameworks @executable_path/../../Frameworks";
				PRODUCT_BUNDLE_IDENTIFIER = pl.majdumajdu.RandomKeyboard.RandKey;
				PRODUCT_NAME = "$(TARGET_NAME)";
				SKIP_INSTALL = YES;
				SWIFT_VERSION = 3.0;
			};
			name = Debug;
		};
		F9E2CC211DC15DAB0015D680 /* Release */ = {
			isa = XCBuildConfiguration;
			buildSettings = {
				DEVELOPMENT_TEAM = 4CA4554E6F;
				INFOPLIST_FILE = RandKey/Info.plist;
				LD_RUNPATH_SEARCH_PATHS = "$(inherited) @executable_path/Frameworks @executable_path/../../Frameworks";
				PRODUCT_BUNDLE_IDENTIFIER = pl.majdumajdu.RandomKeyboard.RandKey;
				PRODUCT_NAME = "$(TARGET_NAME)";
				SKIP_INSTALL = YES;
				SWIFT_VERSION = 3.0;
			};
			name = Release;
		};
/* End XCBuildConfiguration section */

/* Begin XCConfigurationList section */
		F9E2CBF91DC15D880015D680 /* Build configuration list for PBXProject "RandomKeyboard" */ = {
			isa = XCConfigurationList;
			buildConfigurations = (
				F9E2CC0E1DC15D880015D680 /* Debug */,
				F9E2CC0F1DC15D880015D680 /* Release */,
			);
			defaultConfigurationIsVisible = 0;
			defaultConfigurationName = Release;
		};
		F9E2CC101DC15D880015D680 /* Build configuration list for PBXNativeTarget "RandomKeyboard" */ = {
			isa = XCConfigurationList;
			buildConfigurations = (
				F9E2CC111DC15D880015D680 /* Debug */,
				F9E2CC121DC15D880015D680 /* Release */,
			);
			defaultConfigurationIsVisible = 0;
		};
		F9E2CC1F1DC15DAB0015D680 /* Build configuration list for PBXNativeTarget "RandKey" */ = {
			isa = XCConfigurationList;
			buildConfigurations = (
				F9E2CC201DC15DAB0015D680 /* Debug */,
				F9E2CC211DC15DAB0015D680 /* Release */,
			);
			defaultConfigurationIsVisible = 0;
		};
/* End XCConfigurationList section */
	};
	rootObject = F9E2CBF61DC15D880015D680 /* Project object */;
}
